
Microsoft Visual Studio Solution File, Format Version 12.00
# Visual Studio Version 17
VisualStudioVersion = 17.7.34003.232
MinimumVisualStudioVersion = 10.0.40219.1
Project("{9A19103F-16F7-4668-BE54-9A1E7A4F7556}") = "IT-ELEC1C_3ITE_ GRP6", "IT-ELEC1C_3ITE_ GRP6\IT-ELEC1C_3ITE_ GRP6.csproj", "{8890E097-D743-4FEA-B123-A3C5684CB5C2}"
EndProject
Project("{FAE04EC0-301F-11D3-BF4B-00C04F79EFBC}") = "InnoNet.Data", "InnoNet.Data\InnoNet.Data.csproj", "{7CDA3E37-9A78-4227-BF8D-2D5BD8112E58}"
EndProject
Global
	GlobalSection(SolutionConfigurationPlatforms) = preSolution
		Debug|Any CPU = Debug|Any CPU
		Release|Any CPU = Release|Any CPU
	EndGlobalSection
	GlobalSection(ProjectConfigurationPlatforms) = postSolution
		{8890E097-D743-4FEA-B123-A3C5684CB5C2}.Debug|Any CPU.ActiveCfg = Debug|Any CPU
		{8890E097-D743-4FEA-B123-A3C5684CB5C2}.Debug|Any CPU.Build.0 = Debug|Any CPU
		{8890E097-D743-4FEA-B123-A3C5684CB5C2}.Release|Any CPU.ActiveCfg = Release|Any CPU
		{8890E097-D743-4FEA-B123-A3C5684CB5C2}.Release|Any CPU.Build.0 = Release|Any CPU
		{7CDA3E37-9A78-4227-BF8D-2D5BD8112E58}.Debug|Any CPU.ActiveCfg = Debug|Any CPU
		{7CDA3E37-9A78-4227-BF8D-2D5BD8112E58}.Debug|Any CPU.Build.0 = Debug|Any CPU
		{7CDA3E37-9A78-4227-BF8D-2D5BD8112E58}.Release|Any CPU.ActiveCfg = Release|Any CPU
		{7CDA3E37-9A78-4227-BF8D-2D5BD8112E58}.Release|Any CPU.Build.0 = Release|Any CPU
	EndGlobalSection
	GlobalSection(SolutionProperties) = preSolution
		HideSolutionNode = FALSE
	EndGlobalSection
	GlobalSection(ExtensibilityGlobals) = postSolution
		SolutionGuid = {75270153-86F7-42B6-A91B-D7DA88295A3F}
	EndGlobalSection
EndGlobal
